
Microsoft Visual Studio Solution File, Format Version 12.00
# Visual Studio Version 17
VisualStudioVersion = 17.9.34728.123
MinimumVisualStudioVersion = 10.0.40219.1
Project("{FAE04EC0-301F-11D3-BF4B-00C04F79EFBC}") = "Mehmonxona", "Mehmonxona\Mehmonxona.csproj", "{488E9372-4D83-4B4C-90A8-CFB8787F9FCA}"
EndProject
Global
	GlobalSection(SolutionConfigurationPlatforms) = preSolution
		Debug|Any CPU = Debug|Any CPU
		Release|Any CPU = Release|Any CPU
	EndGlobalSection
	GlobalSection(ProjectConfigurationPlatforms) = postSolution
		{488E9372-4D83-4B4C-90A8-CFB8787F9FCA}.Debug|Any CPU.ActiveCfg = Debug|Any CPU
		{488E9372-4D83-4B4C-90A8-CFB8787F9FCA}.Debug|Any CPU.Build.0 = Debug|Any CPU
		{488E9372-4D83-4B4C-90A8-CFB8787F9FCA}.Release|Any CPU.ActiveCfg = Release|Any CPU
		{488E9372-4D83-4B4C-90A8-CFB8787F9FCA}.Release|Any CPU.Build.0 = Release|Any CPU
	EndGlobalSection
	GlobalSection(SolutionProperties) = preSolution
		HideSolutionNode = FALSE
	EndGlobalSection
	GlobalSection(ExtensibilityGlobals) = postSolution
		SolutionGuid = {98087EF3-DCF9-465A-8BFB-68DA2434A998}
	EndGlobalSection
EndGlobal
